
Microsoft Visual Studio Solution File, Format Version 12.00
# Visual Studio Version 16
VisualStudioVersion = 16.0.30907.101
MinimumVisualStudioVersion = 10.0.40219.1
Project("{FAE04EC0-301F-11D3-BF4B-00C04F79EFBC}") = "Exam3", "Exam3.csproj", "{B0DEB2D7-F43A-45D6-BBCE-564AEB5B1018}"
EndProject
Global
	GlobalSection(SolutionConfigurationPlatforms) = preSolution
		Debug|Any CPU = Debug|Any CPU
		Release|Any CPU = Release|Any CPU
	EndGlobalSection
	GlobalSection(ProjectConfigurationPlatforms) = postSolution
		{B0DEB2D7-F43A-45D6-BBCE-564AEB5B1018}.Debug|Any CPU.ActiveCfg = Debug|Any CPU
		{B0DEB2D7-F43A-45D6-BBCE-564AEB5B1018}.Debug|Any CPU.Build.0 = Debug|Any CPU
		{B0DEB2D7-F43A-45D6-BBCE-564AEB5B1018}.Release|Any CPU.ActiveCfg = Release|Any CPU
		{B0DEB2D7-F43A-45D6-BBCE-564AEB5B1018}.Release|Any CPU.Build.0 = Release|Any CPU
	EndGlobalSection
	GlobalSection(SolutionProperties) = preSolution
		HideSolutionNode = FALSE
	EndGlobalSection
	GlobalSection(ExtensibilityGlobals) = postSolution
		SolutionGuid = {0B4BAD7A-2613-458C-A4FF-817F65BB8683}
	EndGlobalSection
EndGlobal
